
Microsoft Visual Studio Solution File, Format Version 12.00
# Visual Studio 15
VisualStudioVersion = 15.0.26430.12
MinimumVisualStudioVersion = 10.0.40219.1
Project("{9A19103F-16F7-4668-BE54-9A1E7A4F7556}") = "FrontEnd", "FrontEnd\FrontEnd.csproj", "{9254C0C5-9206-4505-AD08-B2C8D961C8AE}"
EndProject
Project("{FAE04EC0-301F-11D3-BF4B-00C04F79EFBC}") = "BackEnd", "BackEnd\BackEnd.csproj", "{A1D1A423-0BDC-400D-BDFE-6CD16184C131}"
EndProject
Project("{E53339B2-1760-4266-BCC7-CA923CBCF16C}") = "docker-compose", "docker-compose.dcproj", "{1846A2FD-3604-46E0-A12F-766A2E74C45A}"
EndProject
Global
	GlobalSection(SolutionConfigurationPlatforms) = preSolution
		Debug|Any CPU = Debug|Any CPU
		Release|Any CPU = Release|Any CPU
	EndGlobalSection
	GlobalSection(ProjectConfigurationPlatforms) = postSolution
		{9254C0C5-9206-4505-AD08-B2C8D961C8AE}.Debug|Any CPU.ActiveCfg = Debug|Any CPU
		{9254C0C5-9206-4505-AD08-B2C8D961C8AE}.Debug|Any CPU.Build.0 = Debug|Any CPU
		{9254C0C5-9206-4505-AD08-B2C8D961C8AE}.Release|Any CPU.ActiveCfg = Release|Any CPU
		{9254C0C5-9206-4505-AD08-B2C8D961C8AE}.Release|Any CPU.Build.0 = Release|Any CPU
		{A1D1A423-0BDC-400D-BDFE-6CD16184C131}.Debug|Any CPU.ActiveCfg = Debug|Any CPU
		{A1D1A423-0BDC-400D-BDFE-6CD16184C131}.Debug|Any CPU.Build.0 = Debug|Any CPU
		{A1D1A423-0BDC-400D-BDFE-6CD16184C131}.Release|Any CPU.ActiveCfg = Release|Any CPU
		{A1D1A423-0BDC-400D-BDFE-6CD16184C131}.Release|Any CPU.Build.0 = Release|Any CPU
		{1846A2FD-3604-46E0-A12F-766A2E74C45A}.Debug|Any CPU.ActiveCfg = Debug|Any CPU
		{1846A2FD-3604-46E0-A12F-766A2E74C45A}.Debug|Any CPU.Build.0 = Debug|Any CPU
		{1846A2FD-3604-46E0-A12F-766A2E74C45A}.Release|Any CPU.ActiveCfg = Release|Any CPU
		{1846A2FD-3604-46E0-A12F-766A2E74C45A}.Release|Any CPU.Build.0 = Release|Any CPU
	EndGlobalSection
	GlobalSection(SolutionProperties) = preSolution
		HideSolutionNode = FALSE
	EndGlobalSection
EndGlobal
